{
  "version": "0.1.3",
  "lockfileVersion": 1,
  "requires": true,
  "dependencies": {
    "@types/bootstrap": {
      "version": "3.3.28",
      "resolved": "https://registry.npmjs.org/@types/bootstrap/-/bootstrap-3.3.28.tgz",
      "integrity": "sha1-XI+2ezCUTSAqXslJqS+ggpC7l0s=",
      "dev": true,
      "requires": {
        "@types/jquery": "1.10.*"
      },
      "dependencies": {
        "@types/jquery": {
          "version": "1.10.35",
          "resolved": "https://registry.npmjs.org/@types/jquery/-/jquery-1.10.35.tgz",
          "integrity": "sha512-SVtqEcudm7yjkTwoRA1gC6CNMhGDdMx4Pg8BPdiqI7bXXdCn1BPmtxgeWYQOgDxrq53/5YTlhq5ULxBEAlWIBg==",
          "dev": true
        }
      }
    },
    "@types/icheck": {
      "version": "0.8.29",
      "resolved": "https://registry.npmjs.org/@types/icheck/-/icheck-0.8.29.tgz",
      "integrity": "sha512-x1bcbTyyC2TC1C9cjH9umh98l9ZYweGf8+yb+6mEhXImefqbXrzeEq/uwfC3nCLC9cRjACLTcDtpECgz2zFDrQ==",
      "dev": true
    },
    "@types/jquery": {
      "version": "2.0.48",
      "resolved": "https://registry.npmjs.org/@types/jquery/-/jquery-2.0.48.tgz",
      "integrity": "sha512-nNLzUrVjaRV/Ds1eHZLYTd7IZxs38cwwLSaqMJj8OTXY8xNUbxSK69bi9cMLvQ7dm/IBeQ1wHwQ0S1uYa0rd2w==",
      "dev": true
    },
    "@types/jquery.validation": {
      "version": "1.13.27",
      "resolved": "https://registry.npmjs.org/@types/jquery.validation/-/jquery.validation-1.13.27.tgz",
      "integrity": "sha1-ARn0LFZuSjMYdFk2XbIGF0g/uKc=",
      "dev": true,
      "requires": {
        "@types/jquery": "1.10.*"
      },
      "dependencies": {
        "@types/jquery": {
          "version": "1.10.35",
          "resolved": "https://registry.npmjs.org/@types/jquery/-/jquery-1.10.35.tgz",
          "integrity": "sha512-SVtqEcudm7yjkTwoRA1gC6CNMhGDdMx4Pg8BPdiqI7bXXdCn1BPmtxgeWYQOgDxrq53/5YTlhq5ULxBEAlWIBg==",
          "dev": true
        }
      }
    },
    "@types/jqueryui": {
      "version": "1.9.27",
      "resolved": "https://registry.npmjs.org/@types/jqueryui/-/jqueryui-1.9.27.tgz",
      "integrity": "sha1-0Pz2kw1Uv03FNAXj3GTPtxvLkQU=",
      "dev": true,
      "requires": {
        "@types/jquery": "1.10.*"
      },
      "dependencies": {
        "@types/jquery": {
          "version": "1.10.35",
          "resolved": "https://registry.npmjs.org/@types/jquery/-/jquery-1.10.35.tgz",
          "integrity": "sha512-SVtqEcudm7yjkTwoRA1gC6CNMhGDdMx4Pg8BPdiqI7bXXdCn1BPmtxgeWYQOgDxrq53/5YTlhq5ULxBEAlWIBg==",
          "dev": true
        }
      }
    },
    "typescript": {
      "version": "3.3.3333",
      "resolved": "https://registry.npmjs.org/typescript/-/typescript-3.3.3333.tgz",
      "integrity": "sha512-JjSKsAfuHBE/fB2oZ8NxtRTk5iGcg6hkYXMnZ3Wc+b2RSqejEqTaem11mHASMnFilHrax3sLK0GDzcJrekZYLw==",
      "dev": true
    }
  }
}
