{
  "name": "frontend-shared",
  "version": "1.0.0",
  "lockfileVersion": 1,
  "requires": true,
  "dependencies": {
    "@types/intl-tel-input": {
      "version": "0.0.8",
      "resolved": "https://registry.npmjs.org/@types/intl-tel-input/-/intl-tel-input-0.0.8.tgz",
      "integrity": "sha512-kSFkG0qo/zIYqcYs7ea1J62XVbheTv8liiCM4grlI9TotbdsUb6BIultxD7Y1cAhra9vXdAYcRbR8pAa3yOo7w==",
      "dev": true,
      "requires": {
        "@types/jquery": "2.0.48"
      }
    },
    "@types/jquery": {
      "version": "2.0.48",
      "resolved": "https://registry.npmjs.org/@types/jquery/-/jquery-2.0.48.tgz",
      "integrity": "sha512-nNLzUrVjaRV/Ds1eHZLYTd7IZxs38cwwLSaqMJj8OTXY8xNUbxSK69bi9cMLvQ7dm/IBeQ1wHwQ0S1uYa0rd2w==",
      "dev": true
    },
    "typescript": {
      "version": "2.7.1",
      "resolved": "https://registry.npmjs.org/typescript/-/typescript-2.7.1.tgz",
      "integrity": "sha512-bqB1yS6o9TNA9ZC/MJxM0FZzPnZdtHj0xWK/IZ5khzVqdpGul/R/EIiHRgFXlwTD7PSIaYVnGKq1QgMCu2mnqw==",
      "dev": true
    }
  }
}
