{
  "name": "frontend-shared",
  "requires": true,
  "lockfileVersion": 1,
  "dependencies": {
    "@types/bootstrap": {
      "version": "3.3.28",
      "resolved": "https://registry.npmjs.org/@types/bootstrap/-/bootstrap-3.3.28.tgz",
      "integrity": "sha1-XI+2ezCUTSAqXslJqS+ggpC7l0s=",
      "dev": true,
      "requires": {
        "@types/jquery": "1.10.*"
      },
      "dependencies": {
        "@types/jquery": {
          "version": "1.10.35",
          "resolved": "https://registry.npmjs.org/@types/jquery/-/jquery-1.10.35.tgz",
          "integrity": "sha512-SVtqEcudm7yjkTwoRA1gC6CNMhGDdMx4Pg8BPdiqI7bXXdCn1BPmtxgeWYQOgDxrq53/5YTlhq5ULxBEAlWIBg==",
          "dev": true
        }
      }
    },
    "@types/jquery": {
      "version": "2.0.48",
      "resolved": "https://registry.npmjs.org/@types/jquery/-/jquery-2.0.48.tgz",
      "integrity": "sha512-nNLzUrVjaRV/Ds1eHZLYTd7IZxs38cwwLSaqMJj8OTXY8xNUbxSK69bi9cMLvQ7dm/IBeQ1wHwQ0S1uYa0rd2w==",
      "dev": true
    },
    "aes-js": {
      "version": "3.1.2",
      "resolved": "https://registry.npmjs.org/aes-js/-/aes-js-3.1.2.tgz",
      "integrity": "sha512-e5pEa2kBnBOgR4Y/p20pskXI74UEz7de8ZGVo58asOtvSVG5YAbJeELPZxOmt+Bnz3rX753YKhfIn4X4l1PPRQ==",
      "dev": true
    },
    "asn1": {
      "version": "0.2.4",
      "resolved": "https://registry.npmjs.org/asn1/-/asn1-0.2.4.tgz",
      "integrity": "sha512-jxwzQpLQjSmWXgwaCZE9Nz+glAG01yF1QnWgbhGwHI5A6FRIEY6IVqtHhIepHqI7/kyEyQEagBC5mBEFlIYvdg==",
      "dev": true,
      "requires": {
        "safer-buffer": "~2.1.0"
      }
    },
    "big-integer": {
      "version": "1.6.44",
      "resolved": "https://registry.npmjs.org/big-integer/-/big-integer-1.6.44.tgz",
      "integrity": "sha512-7MzElZPTyJ2fNvBkPxtFQ2fWIkVmuzw41+BZHSzpEq3ymB2MfeKp1+yXl/tS75xCx+WnyV+yb0kp+K1C3UNwmQ==",
      "dev": true
    },
    "bn.js": {
      "version": "4.11.8",
      "resolved": "https://registry.npmjs.org/bn.js/-/bn.js-4.11.8.tgz",
      "integrity": "sha512-ItfYfPLkWHUjckQCk8xC+LwxgK8NYcXywGigJgSwOP8Y2iyWT4f2vsZnoOXTTbo+o5yXmIUJ4gn5538SO5S3gA==",
      "dev": true
    },
    "chan-dongle-extended-client": {
      "version": "github:garronej/chan-dongle-extended-client#3a88d86e074fad97bda218f3e63edc2246540110",
      "from": "github:garronej/chan-dongle-extended-client",
      "requires": {
        "md5": "^2.2.1",
        "trackable-map": "github:garronej/trackable-map#f2fea8584ca6eeb3e7350e79030cf1832bbebfb2",
        "ts-events-extended": "github:garronej/ts-events-extended#19fd961fec9fd23302423ba989a51db0e4ea18b9",
        "ts-sip": "github:garronej/ts-sip#58c0e954f494674672597ec381b83dab2dfbf00d"
      }
    },
    "charenc": {
      "version": "0.0.2",
      "resolved": "https://registry.npmjs.org/charenc/-/charenc-0.0.2.tgz",
      "integrity": "sha1-wKHS86cJLgN3S/qD8UwPxXkKhmc="
    },
    "cipher-base": {
      "version": "1.0.4",
      "resolved": "https://registry.npmjs.org/cipher-base/-/cipher-base-1.0.4.tgz",
      "integrity": "sha512-Kkht5ye6ZGmwv40uUDZztayT2ThLQGfnj/T71N/XzeZeo3nf8foyW7zGTsPYkEya3m5f3cAypH+qe7YOrM1U2Q==",
      "dev": true,
      "requires": {
        "inherits": "^2.0.1",
        "safe-buffer": "^5.0.1"
      }
    },
    "colors": {
      "version": "1.3.3",
      "resolved": "https://registry.npmjs.org/colors/-/colors-1.3.3.tgz",
      "integrity": "sha512-mmGt/1pZqYRjMxB1axhTo16/snVZ5krrKkcmMeVKxzECMMXoCgnvTPp10QgHfcbQZw8Dq2jMNG6je4JlWU0gWg=="
    },
    "create-hash": {
      "version": "1.2.0",
      "resolved": "https://registry.npmjs.org/create-hash/-/create-hash-1.2.0.tgz",
      "integrity": "sha512-z00bCGNHDG8mHAkP7CtT1qVu+bFQUPjYq/4Iv3C3kWjTFV10zIjfSoeqXo9Asws8gwSHDGj/hl2u4OGIjapeCg==",
      "dev": true,
      "requires": {
        "cipher-base": "^1.0.1",
        "inherits": "^2.0.1",
        "md5.js": "^1.3.4",
        "ripemd160": "^2.0.1",
        "sha.js": "^2.4.0"
      }
    },
    "create-hmac": {
      "version": "1.1.7",
      "resolved": "https://registry.npmjs.org/create-hmac/-/create-hmac-1.1.7.tgz",
      "integrity": "sha512-MJG9liiZ+ogc4TzUwuvbER1JRdgvUFSB5+VR/g5h82fGaIRWMWddtKBHi7/sVhfjQZ6SehlyhvQYrcYkaUIpLg==",
      "dev": true,
      "requires": {
        "cipher-base": "^1.0.3",
        "create-hash": "^1.1.0",
        "inherits": "^2.0.1",
        "ripemd160": "^2.0.0",
        "safe-buffer": "^5.0.1",
        "sha.js": "^2.4.8"
      }
    },
    "crypt": {
      "version": "0.0.2",
      "resolved": "https://registry.npmjs.org/crypt/-/crypt-0.0.2.tgz",
      "integrity": "sha1-iNf/fsDfuG9xPch7u0LQRNPmxBs="
    },
    "crypto-lib": {
      "version": "github:garronej/crypto-lib#872dcbf7850f8f72bf92f59e084b9637f7ebfc2b",
      "from": "github:garronej/crypto-lib",
      "dev": true,
      "requires": {
        "aes-js": "3.1.2",
        "minimal-polyfills": "github:garronej/minimal-polyfills#1569512bddc20fde21275a7a367cee6619ef5c3d",
        "node-rsa": "github:garronej/node-rsa#f03091ed20f975fbcb321aeb8bf7b0b47b139369",
        "run-exclusive": "github:garronej/run-exclusive#8a6a6eb5bc247928072688b9d4953552f07025f5",
        "scryptsy": "github:garronej/scryptsy#dddff006a9c10efa8a1e67cd0baddb0a2d0f691f",
        "transfer-tools": "github:garronej/transfer-tools#a9791716497c73b5bcb663a957b56b823a9caf24",
        "ts-events-extended": "github:garronej/ts-events-extended#19fd961fec9fd23302423ba989a51db0e4ea18b9"
      },
      "dependencies": {
        "scryptsy": {
          "version": "github:garronej/scryptsy#dddff006a9c10efa8a1e67cd0baddb0a2d0f691f",
          "from": "github:garronej/scryptsy",
          "dev": true,
          "requires": {
            "pbkdf2": "3.0.17"
          }
        }
      }
    },
    "function-bind": {
      "version": "1.1.1",
      "resolved": "https://registry.npmjs.org/function-bind/-/function-bind-1.1.1.tgz",
      "integrity": "sha512-yIovAzMX49sF8Yl58fSCWJ5svSLuaibPxXQJFLmBObTuCr0Mf1KiPopGM9NiFjiYBCbfaa2Fh6breQ6ANVTI0A=="
    },
    "has": {
      "version": "1.0.3",
      "resolved": "https://registry.npmjs.org/has/-/has-1.0.3.tgz",
      "integrity": "sha512-f2dvO0VU6Oej7RkWJGrehjbzMAjFp5/VKPp5tTpWIV4JHHZK1/BxbFRtf/siA2SWTe09caDmVtYYzWEIbBS4zw==",
      "requires": {
        "function-bind": "^1.1.1"
      }
    },
    "hash-base": {
      "version": "3.0.4",
      "resolved": "https://registry.npmjs.org/hash-base/-/hash-base-3.0.4.tgz",
      "integrity": "sha1-X8hoaEfs1zSZQDMZprCj8/auSRg=",
      "dev": true,
      "requires": {
        "inherits": "^2.0.1",
        "safe-buffer": "^5.0.1"
      }
    },
    "inherits": {
      "version": "2.0.4",
      "resolved": "https://registry.npmjs.org/inherits/-/inherits-2.0.4.tgz",
      "integrity": "sha512-k/vGaX4/Yla3WzyMCvTQOXYeIHvqOKtnqBduzTHpzpQZzAskKMhZ2K+EnBiSM9zGSoIFeMpXKxa4dYeZIQqewQ==",
      "dev": true
    },
    "is-buffer": {
      "version": "1.1.6",
      "resolved": "https://registry.npmjs.org/is-buffer/-/is-buffer-1.1.6.tgz",
      "integrity": "sha512-NcdALwpXkTm5Zvvbk7owOUSvVvBKDgKP5/ewfXEznmQFfs4ZRmanOeKBTjRVjka3QFoN6XJ+9F3USqfHqTaU5w=="
    },
    "js-cookie": {
      "version": "2.2.0",
      "resolved": "https://registry.npmjs.org/js-cookie/-/js-cookie-2.2.0.tgz",
      "integrity": "sha1-Gywnmm7s44ChIWi5JIUmWzWx7/s=",
      "dev": true
    },
    "md5": {
      "version": "2.2.1",
      "resolved": "https://registry.npmjs.org/md5/-/md5-2.2.1.tgz",
      "integrity": "sha1-U6s41f48iJG6RlMp6iP6wFQBJvk=",
      "requires": {
        "charenc": "~0.0.1",
        "crypt": "~0.0.1",
        "is-buffer": "~1.1.1"
      }
    },
    "md5.js": {
      "version": "1.3.5",
      "resolved": "https://registry.npmjs.org/md5.js/-/md5.js-1.3.5.tgz",
      "integrity": "sha512-xitP+WxNPcTTOgnTJcrhM0xvdPepipPSf3I8EIpGKeFLjt3PlJLIDG3u8EX53ZIubkb+5U2+3rELYpEhHhzdkg==",
      "dev": true,
      "requires": {
        "hash-base": "^3.0.0",
        "inherits": "^2.0.1",
        "safe-buffer": "^5.1.2"
      }
    },
    "minimal-polyfills": {
      "version": "github:garronej/minimal-polyfills#1569512bddc20fde21275a7a367cee6619ef5c3d",
      "from": "github:garronej/minimal-polyfills"
    },
    "node-rsa": {
      "version": "github:garronej/node-rsa#f03091ed20f975fbcb321aeb8bf7b0b47b139369",
      "from": "github:garronej/node-rsa",
      "dev": true,
      "requires": {
        "asn1": "^0.2.4",
        "big-integer": "^1.6.43",
        "bn.js": "^4.11.8",
        "create-hash": "1.2.0",
        "seedrandom": "3.0.1"
      }
    },
    "pbkdf2": {
      "version": "3.0.17",
      "resolved": "https://registry.npmjs.org/pbkdf2/-/pbkdf2-3.0.17.tgz",
      "integrity": "sha512-U/il5MsrZp7mGg3mSQfn742na2T+1/vHDCG5/iTI3X9MKUuYUZVLQhyRsg06mCgDBTd57TxzgZt7P+fYfjRLtA==",
      "dev": true,
      "requires": {
        "create-hash": "^1.1.2",
        "create-hmac": "^1.1.4",
        "ripemd160": "^2.0.1",
        "safe-buffer": "^5.0.1",
        "sha.js": "^2.4.8"
      }
    },
    "phone-number": {
      "version": "github:garronej/phone-number#3280b4dcea8510ff2d36f0b31cdcf590b838a6cf",
      "from": "github:garronej/phone-number",
      "dev": true
    },
    "ripemd160": {
      "version": "2.0.2",
      "resolved": "https://registry.npmjs.org/ripemd160/-/ripemd160-2.0.2.tgz",
      "integrity": "sha512-ii4iagi25WusVoiC4B4lq7pbXfAp3D9v5CwfkY33vffw2+pkDjY1D8GaN7spsxvCSx8dkPqOZCEZyfxcmJG2IA==",
      "dev": true,
      "requires": {
        "hash-base": "^3.0.0",
        "inherits": "^2.0.1"
      }
    },
    "run-exclusive": {
      "version": "github:garronej/run-exclusive#8a6a6eb5bc247928072688b9d4953552f07025f5",
      "from": "github:garronej/run-exclusive",
      "requires": {
        "minimal-polyfills": "github:garronej/minimal-polyfills#1569512bddc20fde21275a7a367cee6619ef5c3d"
      }
    },
    "safe-buffer": {
      "version": "5.2.0",
      "resolved": "https://registry.npmjs.org/safe-buffer/-/safe-buffer-5.2.0.tgz",
      "integrity": "sha512-fZEwUGbVl7kouZs1jCdMLdt95hdIv0ZeHg6L7qPeciMZhZ+/gdesW4wgTARkrFWEpspjEATAzUGPG8N2jJiwbg==",
      "dev": true
    },
    "safer-buffer": {
      "version": "2.1.2",
      "resolved": "https://registry.npmjs.org/safer-buffer/-/safer-buffer-2.1.2.tgz",
      "integrity": "sha512-YZo3K82SD7Riyi0E1EQPojLz7kpepnSQI9IyPbHHg1XXXevb5dJI7tpyN2ADxGcQbHG7vcyRHk0cbwqcQriUtg==",
      "dev": true
    },
    "scryptsy": {
      "version": "2.1.0",
      "resolved": "https://registry.npmjs.org/scryptsy/-/scryptsy-2.1.0.tgz",
      "integrity": "sha512-1CdSqHQowJBnMAFyPEBRfqag/YP9OF394FV+4YREIJX4ljD7OxvQRDayyoyyCk+senRjSkP6VnUNQmVQqB6g7w==",
      "dev": true
    },
    "seedrandom": {
      "version": "3.0.1",
      "resolved": "https://registry.npmjs.org/seedrandom/-/seedrandom-3.0.1.tgz",
      "integrity": "sha512-1/02Y/rUeU1CJBAGLebiC5Lbo5FnB22gQbIFFYTLkwvp1xdABZJH1sn4ZT1MzXmPpzv+Rf/Lu2NcsLJiK4rcDg=="
    },
    "setprototypeof": {
      "version": "1.1.1",
      "resolved": "https://registry.npmjs.org/setprototypeof/-/setprototypeof-1.1.1.tgz",
      "integrity": "sha512-JvdAWfbXeIGaZ9cILp38HntZSFSo3mWg6xGcJJsd+d4aRMOqauag1C63dJfDw7OaMYwEbHMOxEZ1lqVRYP2OAw=="
    },
    "sha.js": {
      "version": "2.4.11",
      "resolved": "https://registry.npmjs.org/sha.js/-/sha.js-2.4.11.tgz",
      "integrity": "sha512-QMEp5B7cftE7APOjk5Y6xgrbWu+WkLVQwk8JNjZ8nKRciZaByEW6MubieAiToS7+dwvrjGhH8jRXz3MVd0AYqQ==",
      "dev": true,
      "requires": {
        "inherits": "^2.0.1",
        "safe-buffer": "^5.0.1"
      }
    },
    "super-json": {
      "version": "2.2.0",
      "resolved": "https://registry.npmjs.org/super-json/-/super-json-2.2.0.tgz",
      "integrity": "sha1-TVB8Pros+8O4oXSod99pJeQc7Oc=",
      "requires": {
        "has": "^1.0.1"
      }
    },
    "trackable-map": {
      "version": "github:garronej/trackable-map#f2fea8584ca6eeb3e7350e79030cf1832bbebfb2",
      "from": "github:garronej/trackable-map",
      "requires": {
        "ts-events-extended": "github:garronej/ts-events-extended#19fd961fec9fd23302423ba989a51db0e4ea18b9"
      }
    },
    "transfer-tools": {
      "version": "github:garronej/transfer-tools#a9791716497c73b5bcb663a957b56b823a9caf24",
      "from": "github:garronej/transfer-tools",
      "requires": {
        "seedrandom": "^3.0.1",
        "super-json": "^2.2.0"
      }
    },
    "ts-events-extended": {
      "version": "github:garronej/ts-events-extended#19fd961fec9fd23302423ba989a51db0e4ea18b9",
      "from": "github:garronej/ts-events-extended",
      "requires": {
        "minimal-polyfills": "github:garronej/minimal-polyfills#1569512bddc20fde21275a7a367cee6619ef5c3d",
        "run-exclusive": "github:garronej/run-exclusive#8a6a6eb5bc247928072688b9d4953552f07025f5",
        "setprototypeof": "^1.1.1"
      }
    },
    "ts-sip": {
      "version": "github:garronej/ts-sip#58c0e954f494674672597ec381b83dab2dfbf00d",
      "from": "github:garronej/ts-sip",
      "requires": {
        "colors": "^1.1.2",
        "setprototypeof": "^1.1.1",
        "transfer-tools": "github:garronej/transfer-tools#a9791716497c73b5bcb663a957b56b823a9caf24",
        "ts-events-extended": "github:garronej/ts-events-extended#19fd961fec9fd23302423ba989a51db0e4ea18b9"
      }
    },
    "typescript": {
      "version": "3.5.2",
      "resolved": "https://registry.npmjs.org/typescript/-/typescript-3.5.2.tgz",
      "integrity": "sha512-7KxJovlYhTX5RaRbUdkAXN1KUZ8PwWlTzQdHV6xNqvuFOs7+WBo10TQUqT19Q/Jz2hk5v9TQDIhyLhhJY4p5AA==",
      "dev": true
    }
  }
}
