{
  "name": "frontend-shared",
  "version": "1.0.0",
  "lockfileVersion": 1,
  "requires": true,
  "dependencies": {
    "@types/intl-tel-input": {
      "version": "0.0.8",
      "resolved": "https://registry.npmjs.org/@types/intl-tel-input/-/intl-tel-input-0.0.8.tgz",
      "integrity": "sha512-kSFkG0qo/zIYqcYs7ea1J62XVbheTv8liiCM4grlI9TotbdsUb6BIultxD7Y1cAhra9vXdAYcRbR8pAa3yOo7w==",
      "dev": true,
      "requires": {
        "@types/jquery": "*"
      }
    },
    "@types/jquery": {
      "version": "2.0.48",
      "resolved": "https://registry.npmjs.org/@types/jquery/-/jquery-2.0.48.tgz",
      "integrity": "sha512-nNLzUrVjaRV/Ds1eHZLYTd7IZxs38cwwLSaqMJj8OTXY8xNUbxSK69bi9cMLvQ7dm/IBeQ1wHwQ0S1uYa0rd2w==",
      "dev": true
    },
    "awesome-phonenumber": {
      "version": "2.2.6",
      "resolved": "https://registry.npmjs.org/awesome-phonenumber/-/awesome-phonenumber-2.2.6.tgz",
      "integrity": "sha512-ekHv73VuBv341nLgQ36nEDGU2rXf/SCkAfnKC6Lzbau/0b0PZBd+H/y9h95xpMTnlikR2p65EQ/VpWsgkA3kbw=="
    },
    "chan-dongle-extended-client": {
      "version": "github:garronej/chan-dongle-extended-client#440f711e0ea47fd9d43ffecbc8f8ab9475b09b87",
      "from": "github:garronej/chan-dongle-extended-client",
      "requires": {
        "awesome-phonenumber": "^2.1.0",
        "md5": "^2.2.1"
      },
      "dependencies": {
        "trackable-map": {
          "version": "github:garronej/trackable-map#044b27ac13f9e5104ccb14e62e7abcf6106c1fe4",
          "from": "github:garronej/trackable-map#044b27ac13f9e5104ccb14e62e7abcf6106c1fe4",
          "requires": {
            "ts-events-extended": "github:garronej/ts-events-extended#9e9c11ae2353fd37141738303c65f339b5c77798"
          },
          "dependencies": {
            "ts-events-extended": {
              "version": "github:garronej/ts-events-extended#9e9c11ae2353fd37141738303c65f339b5c77798",
              "from": "github:garronej/ts-events-extended"
            }
          }
        },
        "ts-events-extended": {
          "version": "github:garronej/ts-events-extended#9e9c11ae2353fd37141738303c65f339b5c77798",
          "from": "github:garronej/ts-events-extended#9e9c11ae2353fd37141738303c65f339b5c77798"
        },
        "ts-sip": {
          "version": "github:garronej/ts-sip#87abc187ae2f1ed98ae207a071a5e03c409238c4",
          "from": "github:garronej/ts-sip#87abc187ae2f1ed98ae207a071a5e03c409238c4",
          "requires": {
            "ts-events-extended": "github:garronej/ts-events-extended#9e9c11ae2353fd37141738303c65f339b5c77798"
          },
          "dependencies": {
            "ts-events-extended": {
              "version": "github:garronej/ts-events-extended#9e9c11ae2353fd37141738303c65f339b5c77798",
              "from": "github:garronej/ts-events-extended"
            }
          }
        }
      }
    },
    "charenc": {
      "version": "0.0.2",
      "resolved": "https://registry.npmjs.org/charenc/-/charenc-0.0.2.tgz",
      "integrity": "sha1-wKHS86cJLgN3S/qD8UwPxXkKhmc="
    },
    "crypt": {
      "version": "0.0.2",
      "resolved": "https://registry.npmjs.org/crypt/-/crypt-0.0.2.tgz",
      "integrity": "sha1-iNf/fsDfuG9xPch7u0LQRNPmxBs="
    },
    "is-buffer": {
      "version": "1.1.6",
      "resolved": "https://registry.npmjs.org/is-buffer/-/is-buffer-1.1.6.tgz",
      "integrity": "sha512-NcdALwpXkTm5Zvvbk7owOUSvVvBKDgKP5/ewfXEznmQFfs4ZRmanOeKBTjRVjka3QFoN6XJ+9F3USqfHqTaU5w=="
    },
    "md5": {
      "version": "2.2.1",
      "resolved": "https://registry.npmjs.org/md5/-/md5-2.2.1.tgz",
      "integrity": "sha1-U6s41f48iJG6RlMp6iP6wFQBJvk=",
      "requires": {
        "charenc": "~0.0.1",
        "crypt": "~0.0.1",
        "is-buffer": "~1.1.1"
      }
    },
    "typescript": {
      "version": "2.9.2",
      "resolved": "https://registry.npmjs.org/typescript/-/typescript-2.9.2.tgz",
      "integrity": "sha512-Gr4p6nFNaoufRIY4NMdpQRNmgxVIGMs4Fcu/ujdYk3nAZqk7supzBE9idmvfZIlH/Cuj//dvi+019qEue9lV0w==",
      "dev": true
    }
  }
}
